{
  "name": "cute-pet",
  "version": "0.0.1",
  "lockfileVersion": 1,
  "requires": true,
  "dependencies": {
    "@angular/material": {
      "version": "11.2.13",
      "resolved": "https://registry.npmjs.org/@angular/material/-/material-11.2.13.tgz",
      "integrity": "sha512-FqFdGSkOtqsmeLyTSousodDGUy2NqbtxCIKv2rwbsIRwHNKB0KpR/UQhA2gMRuGa5hxhMJ0DW0Tf9neMRuLCTg==",
      "requires": {
        "tslib": "^2.0.0"
      }
    },
    "@types/uuid": {
      "version": "8.3.4",
      "resolved": "https://registry.npmjs.org/@types/uuid/-/uuid-8.3.4.tgz",
      "integrity": "sha512-c/I8ZRb51j+pYGAu5CrFMRxqZ2ke4y2grEBO5AUjgSkSk+qT2Ea+OdWElz/OiMf5MNpn2b17kuVBwZLQJXzihw=="
    },
    "tslib": {
      "version": "2.4.0",
      "resolved": "https://registry.npmjs.org/tslib/-/tslib-2.4.0.tgz",
      "integrity": "sha512-d6xOpEDfsi2CZVlPQzGeux8XMwLT9hssAsaPYExaQMuYskwb+x1x7J371tWlbBdWHroy99KnVB6qIkUbs5X3UQ=="
    }
  }
}
